
Microsoft Visual Studio Solution File, Format Version 12.00
# Visual Studio Version 17
VisualStudioVersion = 17.9.34622.214
MinimumVisualStudioVersion = 10.0.40219.1
Project("{2150E333-8FDC-42A3-9474-1A3956D46DE8}") = "src", "src", "{074FBF27-9CE0-4FE8-A16A-9C1905BEAA3C}"
EndProject
Project("{2150E333-8FDC-42A3-9474-1A3956D46DE8}") = "test", "test", "{C58A5C15-3CF0-4743-BB41-1F5F142FE5B3}"
EndProject
Project("{2150E333-8FDC-42A3-9474-1A3956D46DE8}") = "APIs", "APIs", "{E9A0831B-2CAE-4F9C-81F7-9D23DEA4010F}"
EndProject
Project("{2150E333-8FDC-42A3-9474-1A3956D46DE8}") = "Infrastructure", "Infrastructure", "{69A415B9-53B9-4FE0-A7C4-4EABD421EAEB}"
EndProject
Project("{2150E333-8FDC-42A3-9474-1A3956D46DE8}") = "Core", "Core", "{7AF23742-4ACC-421D-A6E2-A0ABA6A9859A}"
EndProject
Project("{2150E333-8FDC-42A3-9474-1A3956D46DE8}") = "UI", "UI", "{4C2B7EE1-C5BF-449C-8469-1EAC049897E0}"
EndProject
Project("{FAE04EC0-301F-11D3-BF4B-00C04F79EFBC}") = "Faqidy.APIs", "Faqidy.APIs\Faqidy.APIs.csproj", "{871F0615-7E00-4F14-8631-0E3FDDF8A34F}"
EndProject
Project("{FAE04EC0-301F-11D3-BF4B-00C04F79EFBC}") = "Faqidy.APIs.Controllers", "Faqidy.APIs.Controllers\Faqidy.APIs.Controllers.csproj", "{69B3994D-840E-4A3B-8E94-1472D0FE7BA0}"
EndProject
Project("{FAE04EC0-301F-11D3-BF4B-00C04F79EFBC}") = "Faqidy.Domain", "Faqidy.Domain\Faqidy.Domain.csproj", "{2AC13E70-28D4-49FC-AFB1-363E0EB00960}"
EndProject
Project("{FAE04EC0-301F-11D3-BF4B-00C04F79EFBC}") = "Faqidy.Application.Abstraction", "Faqidy.Application.Abstraction\Faqidy.Application.Abstraction.csproj", "{FDB17132-5EF8-4116-B5E8-99D4B641044D}"
EndProject
Project("{FAE04EC0-301F-11D3-BF4B-00C04F79EFBC}") = "Faqidy.Application", "Faqidy.Application\Faqidy.Application.csproj", "{641CE1B0-0FDA-468B-A442-4A1C83CB30BD}"
EndProject
Project("{FAE04EC0-301F-11D3-BF4B-00C04F79EFBC}") = "Faqidy.Infrastructure", "Faqidy.Infrastructure\Faqidy.Infrastructure.csproj", "{13B7A489-AE34-43EA-B2AC-2E3B821040B5}"
EndProject
Project("{FAE04EC0-301F-11D3-BF4B-00C04F79EFBC}") = "Faqidy.Infrastructure.Persistance", "Faqidy.Infrastructure.Persistance\Faqidy.Infrastructure.Persistance.csproj", "{B7892636-7806-4408-AFF7-91EAE95EA9AD}"
EndProject
Global
	GlobalSection(SolutionConfigurationPlatforms) = preSolution
		Debug|Any CPU = Debug|Any CPU
		Release|Any CPU = Release|Any CPU
	EndGlobalSection
	GlobalSection(ProjectConfigurationPlatforms) = postSolution
		{871F0615-7E00-4F14-8631-0E3FDDF8A34F}.Debug|Any CPU.ActiveCfg = Debug|Any CPU
		{871F0615-7E00-4F14-8631-0E3FDDF8A34F}.Debug|Any CPU.Build.0 = Debug|Any CPU
		{871F0615-7E00-4F14-8631-0E3FDDF8A34F}.Release|Any CPU.ActiveCfg = Release|Any CPU
		{871F0615-7E00-4F14-8631-0E3FDDF8A34F}.Release|Any CPU.Build.0 = Release|Any CPU
		{69B3994D-840E-4A3B-8E94-1472D0FE7BA0}.Debug|Any CPU.ActiveCfg = Debug|Any CPU
		{69B3994D-840E-4A3B-8E94-1472D0FE7BA0}.Debug|Any CPU.Build.0 = Debug|Any CPU
		{69B3994D-840E-4A3B-8E94-1472D0FE7BA0}.Release|Any CPU.ActiveCfg = Release|Any CPU
		{69B3994D-840E-4A3B-8E94-1472D0FE7BA0}.Release|Any CPU.Build.0 = Release|Any CPU
		{2AC13E70-28D4-49FC-AFB1-363E0EB00960}.Debug|Any CPU.ActiveCfg = Debug|Any CPU
		{2AC13E70-28D4-49FC-AFB1-363E0EB00960}.Debug|Any CPU.Build.0 = Debug|Any CPU
		{2AC13E70-28D4-49FC-AFB1-363E0EB00960}.Release|Any CPU.ActiveCfg = Release|Any CPU
		{2AC13E70-28D4-49FC-AFB1-363E0EB00960}.Release|Any CPU.Build.0 = Release|Any CPU
		{FDB17132-5EF8-4116-B5E8-99D4B641044D}.Debug|Any CPU.ActiveCfg = Debug|Any CPU
		{FDB17132-5EF8-4116-B5E8-99D4B641044D}.Debug|Any CPU.Build.0 = Debug|Any CPU
		{FDB17132-5EF8-4116-B5E8-99D4B641044D}.Release|Any CPU.ActiveCfg = Release|Any CPU
		{FDB17132-5EF8-4116-B5E8-99D4B641044D}.Release|Any CPU.Build.0 = Release|Any CPU
		{641CE1B0-0FDA-468B-A442-4A1C83CB30BD}.Debug|Any CPU.ActiveCfg = Debug|Any CPU
		{641CE1B0-0FDA-468B-A442-4A1C83CB30BD}.Debug|Any CPU.Build.0 = Debug|Any CPU
		{641CE1B0-0FDA-468B-A442-4A1C83CB30BD}.Release|Any CPU.ActiveCfg = Release|Any CPU
		{641CE1B0-0FDA-468B-A442-4A1C83CB30BD}.Release|Any CPU.Build.0 = Release|Any CPU
		{13B7A489-AE34-43EA-B2AC-2E3B821040B5}.Debug|Any CPU.ActiveCfg = Debug|Any CPU
		{13B7A489-AE34-43EA-B2AC-2E3B821040B5}.Debug|Any CPU.Build.0 = Debug|Any CPU
		{13B7A489-AE34-43EA-B2AC-2E3B821040B5}.Release|Any CPU.ActiveCfg = Release|Any CPU
		{13B7A489-AE34-43EA-B2AC-2E3B821040B5}.Release|Any CPU.Build.0 = Release|Any CPU
		{B7892636-7806-4408-AFF7-91EAE95EA9AD}.Debug|Any CPU.ActiveCfg = Debug|Any CPU
		{B7892636-7806-4408-AFF7-91EAE95EA9AD}.Debug|Any CPU.Build.0 = Debug|Any CPU
		{B7892636-7806-4408-AFF7-91EAE95EA9AD}.Release|Any CPU.ActiveCfg = Release|Any CPU
		{B7892636-7806-4408-AFF7-91EAE95EA9AD}.Release|Any CPU.Build.0 = Release|Any CPU
	EndGlobalSection
	GlobalSection(SolutionProperties) = preSolution
		HideSolutionNode = FALSE
	EndGlobalSection
	GlobalSection(NestedProjects) = preSolution
		{E9A0831B-2CAE-4F9C-81F7-9D23DEA4010F} = {074FBF27-9CE0-4FE8-A16A-9C1905BEAA3C}
		{69A415B9-53B9-4FE0-A7C4-4EABD421EAEB} = {074FBF27-9CE0-4FE8-A16A-9C1905BEAA3C}
		{7AF23742-4ACC-421D-A6E2-A0ABA6A9859A} = {074FBF27-9CE0-4FE8-A16A-9C1905BEAA3C}
		{4C2B7EE1-C5BF-449C-8469-1EAC049897E0} = {074FBF27-9CE0-4FE8-A16A-9C1905BEAA3C}
		{871F0615-7E00-4F14-8631-0E3FDDF8A34F} = {E9A0831B-2CAE-4F9C-81F7-9D23DEA4010F}
		{69B3994D-840E-4A3B-8E94-1472D0FE7BA0} = {E9A0831B-2CAE-4F9C-81F7-9D23DEA4010F}
		{2AC13E70-28D4-49FC-AFB1-363E0EB00960} = {7AF23742-4ACC-421D-A6E2-A0ABA6A9859A}
		{FDB17132-5EF8-4116-B5E8-99D4B641044D} = {7AF23742-4ACC-421D-A6E2-A0ABA6A9859A}
		{641CE1B0-0FDA-468B-A442-4A1C83CB30BD} = {7AF23742-4ACC-421D-A6E2-A0ABA6A9859A}
		{13B7A489-AE34-43EA-B2AC-2E3B821040B5} = {69A415B9-53B9-4FE0-A7C4-4EABD421EAEB}
		{B7892636-7806-4408-AFF7-91EAE95EA9AD} = {69A415B9-53B9-4FE0-A7C4-4EABD421EAEB}
	EndGlobalSection
	GlobalSection(ExtensibilityGlobals) = postSolution
		SolutionGuid = {7BE96406-FE91-46D2-9954-1A9C181C5219}
	EndGlobalSection
EndGlobal
